
Microsoft Visual Studio Solution File, Format Version 12.00
# Visual Studio Version 17
Project("{2150E333-8FDC-42A3-9474-1A3956D46DE8}") = "CMakePredefinedTargets", "CMakePredefinedTargets", "{FE8E30F5-CE6B-3EC0-B1D3-5F99247FAB67}"
EndProject
Project("{8BC9CEB8-8B4A-11D0-8D11-00A0C91BC942}") = "ALL_BUILD", "ALL_BUILD.vcxproj", "{C31337A6-699E-3979-8517-B85F75A51840}"
	ProjectSection(ProjectDependencies) = postProject
		{B67AEE1A-7190-300A-8B5E-516021CD6EAD} = {B67AEE1A-7190-300A-8B5E-516021CD6EAD}
		{10A80DAA-8935-32B8-9764-0E51EABB7830} = {10A80DAA-8935-32B8-9764-0E51EABB7830}
		{FD8DA58B-85EF-31F6-81CF-DB52BB226632} = {FD8DA58B-85EF-31F6-81CF-DB52BB226632}
	EndProjectSection
EndProject
Project("{8BC9CEB8-8B4A-11D0-8D11-00A0C91BC942}") = "INSTALL", "INSTALL.vcxproj", "{34F5240D-FF8E-35D6-BEE9-4659CE86A37A}"
	ProjectSection(ProjectDependencies) = postProject
		{C31337A6-699E-3979-8517-B85F75A51840} = {C31337A6-699E-3979-8517-B85F75A51840}
		{B67AEE1A-7190-300A-8B5E-516021CD6EAD} = {B67AEE1A-7190-300A-8B5E-516021CD6EAD}
	EndProjectSection
EndProject
Project("{8BC9CEB8-8B4A-11D0-8D11-00A0C91BC942}") = "PACKAGE", "PACKAGE.vcxproj", "{0059DED6-F7A5-3BBE-8A74-56B2DBC0CAA4}"
	ProjectSection(ProjectDependencies) = postProject
		{C31337A6-699E-3979-8517-B85F75A51840} = {C31337A6-699E-3979-8517-B85F75A51840}
		{B67AEE1A-7190-300A-8B5E-516021CD6EAD} = {B67AEE1A-7190-300A-8B5E-516021CD6EAD}
	EndProjectSection
EndProject
Project("{8BC9CEB8-8B4A-11D0-8D11-00A0C91BC942}") = "ZERO_CHECK", "..\\ZERO_CHECK.vcxproj", "{B67AEE1A-7190-300A-8B5E-516021CD6EAD}"
	ProjectSection(ProjectDependencies) = postProject
	EndProjectSection
EndProject
Project("{8BC9CEB8-8B4A-11D0-8D11-00A0C91BC942}") = "fst", "..\fc_base\openfst-build\src\lib\fst.vcxproj", "{DCB2F40C-1F6A-317C-9909-60794511267D}"
	ProjectSection(ProjectDependencies) = postProject
		{B67AEE1A-7190-300A-8B5E-516021CD6EAD} = {B67AEE1A-7190-300A-8B5E-516021CD6EAD}
		{50276894-AB43-32E5-95E2-0A18DE729CAE} = {50276894-AB43-32E5-95E2-0A18DE729CAE}
		{CD3CBA6C-98C5-37F8-8266-B774C0922610} = {CD3CBA6C-98C5-37F8-8266-B774C0922610}
	EndProjectSection
EndProject
Project("{8BC9CEB8-8B4A-11D0-8D11-00A0C91BC942}") = "gflags_nothreads_static", "..\fc_base\gflags-build\gflags_nothreads_static.vcxproj", "{50276894-AB43-32E5-95E2-0A18DE729CAE}"
	ProjectSection(ProjectDependencies) = postProject
		{B67AEE1A-7190-300A-8B5E-516021CD6EAD} = {B67AEE1A-7190-300A-8B5E-516021CD6EAD}
	EndProjectSection
EndProject
Project("{8BC9CEB8-8B4A-11D0-8D11-00A0C91BC942}") = "glog", "..\fc_base\glog-build\glog.vcxproj", "{CD3CBA6C-98C5-37F8-8266-B774C0922610}"
	ProjectSection(ProjectDependencies) = postProject
		{B67AEE1A-7190-300A-8B5E-516021CD6EAD} = {B67AEE1A-7190-300A-8B5E-516021CD6EAD}
	EndProjectSection
EndProject
Project("{8BC9CEB8-8B4A-11D0-8D11-00A0C91BC942}") = "kaldi-decoder", "kaldi-decoder.vcxproj", "{10A80DAA-8935-32B8-9764-0E51EABB7830}"
	ProjectSection(ProjectDependencies) = postProject
		{B67AEE1A-7190-300A-8B5E-516021CD6EAD} = {B67AEE1A-7190-300A-8B5E-516021CD6EAD}
		{DCB2F40C-1F6A-317C-9909-60794511267D} = {DCB2F40C-1F6A-317C-9909-60794511267D}
		{50276894-AB43-32E5-95E2-0A18DE729CAE} = {50276894-AB43-32E5-95E2-0A18DE729CAE}
		{CD3CBA6C-98C5-37F8-8266-B774C0922610} = {CD3CBA6C-98C5-37F8-8266-B774C0922610}
		{FD8DA58B-85EF-31F6-81CF-DB52BB226632} = {FD8DA58B-85EF-31F6-81CF-DB52BB226632}
		{99AA3040-05B4-36D8-8D5A-9212C958D384} = {99AA3040-05B4-36D8-8D5A-9212C958D384}
	EndProjectSection
EndProject
Project("{8BC9CEB8-8B4A-11D0-8D11-00A0C91BC942}") = "kaldi-util", "kaldi-util.vcxproj", "{FD8DA58B-85EF-31F6-81CF-DB52BB226632}"
	ProjectSection(ProjectDependencies) = postProject
		{B67AEE1A-7190-300A-8B5E-516021CD6EAD} = {B67AEE1A-7190-300A-8B5E-516021CD6EAD}
		{DCB2F40C-1F6A-317C-9909-60794511267D} = {DCB2F40C-1F6A-317C-9909-60794511267D}
		{50276894-AB43-32E5-95E2-0A18DE729CAE} = {50276894-AB43-32E5-95E2-0A18DE729CAE}
		{CD3CBA6C-98C5-37F8-8266-B774C0922610} = {CD3CBA6C-98C5-37F8-8266-B774C0922610}
		{99AA3040-05B4-36D8-8D5A-9212C958D384} = {99AA3040-05B4-36D8-8D5A-9212C958D384}
	EndProjectSection
EndProject
Project("{8BC9CEB8-8B4A-11D0-8D11-00A0C91BC942}") = "utils", "..\utils\utils.vcxproj", "{99AA3040-05B4-36D8-8D5A-9212C958D384}"
	ProjectSection(ProjectDependencies) = postProject
		{B67AEE1A-7190-300A-8B5E-516021CD6EAD} = {B67AEE1A-7190-300A-8B5E-516021CD6EAD}
		{DCB2F40C-1F6A-317C-9909-60794511267D} = {DCB2F40C-1F6A-317C-9909-60794511267D}
		{50276894-AB43-32E5-95E2-0A18DE729CAE} = {50276894-AB43-32E5-95E2-0A18DE729CAE}
		{CD3CBA6C-98C5-37F8-8266-B774C0922610} = {CD3CBA6C-98C5-37F8-8266-B774C0922610}
	EndProjectSection
EndProject
Global
	GlobalSection(SolutionConfigurationPlatforms) = preSolution
		Debug|x64 = Debug|x64
		Release|x64 = Release|x64
		MinSizeRel|x64 = MinSizeRel|x64
		RelWithDebInfo|x64 = RelWithDebInfo|x64
	EndGlobalSection
	GlobalSection(ProjectConfigurationPlatforms) = postSolution
		{C31337A6-699E-3979-8517-B85F75A51840}.Debug|x64.ActiveCfg = Debug|x64
		{C31337A6-699E-3979-8517-B85F75A51840}.Debug|x64.Build.0 = Debug|x64
		{C31337A6-699E-3979-8517-B85F75A51840}.Release|x64.ActiveCfg = Release|x64
		{C31337A6-699E-3979-8517-B85F75A51840}.Release|x64.Build.0 = Release|x64
		{C31337A6-699E-3979-8517-B85F75A51840}.MinSizeRel|x64.ActiveCfg = MinSizeRel|x64
		{C31337A6-699E-3979-8517-B85F75A51840}.MinSizeRel|x64.Build.0 = MinSizeRel|x64
		{C31337A6-699E-3979-8517-B85F75A51840}.RelWithDebInfo|x64.ActiveCfg = RelWithDebInfo|x64
		{C31337A6-699E-3979-8517-B85F75A51840}.RelWithDebInfo|x64.Build.0 = RelWithDebInfo|x64
		{34F5240D-FF8E-35D6-BEE9-4659CE86A37A}.Debug|x64.ActiveCfg = Debug|x64
		{34F5240D-FF8E-35D6-BEE9-4659CE86A37A}.Release|x64.ActiveCfg = Release|x64
		{34F5240D-FF8E-35D6-BEE9-4659CE86A37A}.MinSizeRel|x64.ActiveCfg = MinSizeRel|x64
		{34F5240D-FF8E-35D6-BEE9-4659CE86A37A}.RelWithDebInfo|x64.ActiveCfg = RelWithDebInfo|x64
		{0059DED6-F7A5-3BBE-8A74-56B2DBC0CAA4}.Debug|x64.ActiveCfg = Debug|x64
		{0059DED6-F7A5-3BBE-8A74-56B2DBC0CAA4}.Release|x64.ActiveCfg = Release|x64
		{0059DED6-F7A5-3BBE-8A74-56B2DBC0CAA4}.MinSizeRel|x64.ActiveCfg = MinSizeRel|x64
		{0059DED6-F7A5-3BBE-8A74-56B2DBC0CAA4}.RelWithDebInfo|x64.ActiveCfg = RelWithDebInfo|x64
		{B67AEE1A-7190-300A-8B5E-516021CD6EAD}.Debug|x64.ActiveCfg = Debug|x64
		{B67AEE1A-7190-300A-8B5E-516021CD6EAD}.Debug|x64.Build.0 = Debug|x64
		{B67AEE1A-7190-300A-8B5E-516021CD6EAD}.Release|x64.ActiveCfg = Release|x64
		{B67AEE1A-7190-300A-8B5E-516021CD6EAD}.Release|x64.Build.0 = Release|x64
		{B67AEE1A-7190-300A-8B5E-516021CD6EAD}.MinSizeRel|x64.ActiveCfg = MinSizeRel|x64
		{B67AEE1A-7190-300A-8B5E-516021CD6EAD}.MinSizeRel|x64.Build.0 = MinSizeRel|x64
		{B67AEE1A-7190-300A-8B5E-516021CD6EAD}.RelWithDebInfo|x64.ActiveCfg = RelWithDebInfo|x64
		{B67AEE1A-7190-300A-8B5E-516021CD6EAD}.RelWithDebInfo|x64.Build.0 = RelWithDebInfo|x64
		{DCB2F40C-1F6A-317C-9909-60794511267D}.Debug|x64.ActiveCfg = Debug|x64
		{DCB2F40C-1F6A-317C-9909-60794511267D}.Debug|x64.Build.0 = Debug|x64
		{DCB2F40C-1F6A-317C-9909-60794511267D}.Release|x64.ActiveCfg = Release|x64
		{DCB2F40C-1F6A-317C-9909-60794511267D}.Release|x64.Build.0 = Release|x64
		{DCB2F40C-1F6A-317C-9909-60794511267D}.MinSizeRel|x64.ActiveCfg = MinSizeRel|x64
		{DCB2F40C-1F6A-317C-9909-60794511267D}.MinSizeRel|x64.Build.0 = MinSizeRel|x64
		{DCB2F40C-1F6A-317C-9909-60794511267D}.RelWithDebInfo|x64.ActiveCfg = RelWithDebInfo|x64
		{DCB2F40C-1F6A-317C-9909-60794511267D}.RelWithDebInfo|x64.Build.0 = RelWithDebInfo|x64
		{50276894-AB43-32E5-95E2-0A18DE729CAE}.Debug|x64.ActiveCfg = Debug|x64
		{50276894-AB43-32E5-95E2-0A18DE729CAE}.Debug|x64.Build.0 = Debug|x64
		{50276894-AB43-32E5-95E2-0A18DE729CAE}.Release|x64.ActiveCfg = Release|x64
		{50276894-AB43-32E5-95E2-0A18DE729CAE}.Release|x64.Build.0 = Release|x64
		{50276894-AB43-32E5-95E2-0A18DE729CAE}.MinSizeRel|x64.ActiveCfg = MinSizeRel|x64
		{50276894-AB43-32E5-95E2-0A18DE729CAE}.MinSizeRel|x64.Build.0 = MinSizeRel|x64
		{50276894-AB43-32E5-95E2-0A18DE729CAE}.RelWithDebInfo|x64.ActiveCfg = RelWithDebInfo|x64
		{50276894-AB43-32E5-95E2-0A18DE729CAE}.RelWithDebInfo|x64.Build.0 = RelWithDebInfo|x64
		{CD3CBA6C-98C5-37F8-8266-B774C0922610}.Debug|x64.ActiveCfg = Debug|x64
		{CD3CBA6C-98C5-37F8-8266-B774C0922610}.Debug|x64.Build.0 = Debug|x64
		{CD3CBA6C-98C5-37F8-8266-B774C0922610}.Release|x64.ActiveCfg = Release|x64
		{CD3CBA6C-98C5-37F8-8266-B774C0922610}.Release|x64.Build.0 = Release|x64
		{CD3CBA6C-98C5-37F8-8266-B774C0922610}.MinSizeRel|x64.ActiveCfg = MinSizeRel|x64
		{CD3CBA6C-98C5-37F8-8266-B774C0922610}.MinSizeRel|x64.Build.0 = MinSizeRel|x64
		{CD3CBA6C-98C5-37F8-8266-B774C0922610}.RelWithDebInfo|x64.ActiveCfg = RelWithDebInfo|x64
		{CD3CBA6C-98C5-37F8-8266-B774C0922610}.RelWithDebInfo|x64.Build.0 = RelWithDebInfo|x64
		{10A80DAA-8935-32B8-9764-0E51EABB7830}.Debug|x64.ActiveCfg = Debug|x64
		{10A80DAA-8935-32B8-9764-0E51EABB7830}.Debug|x64.Build.0 = Debug|x64
		{10A80DAA-8935-32B8-9764-0E51EABB7830}.Release|x64.ActiveCfg = Release|x64
		{10A80DAA-8935-32B8-9764-0E51EABB7830}.Release|x64.Build.0 = Release|x64
		{10A80DAA-8935-32B8-9764-0E51EABB7830}.MinSizeRel|x64.ActiveCfg = MinSizeRel|x64
		{10A80DAA-8935-32B8-9764-0E51EABB7830}.MinSizeRel|x64.Build.0 = MinSizeRel|x64
		{10A80DAA-8935-32B8-9764-0E51EABB7830}.RelWithDebInfo|x64.ActiveCfg = RelWithDebInfo|x64
		{10A80DAA-8935-32B8-9764-0E51EABB7830}.RelWithDebInfo|x64.Build.0 = RelWithDebInfo|x64
		{FD8DA58B-85EF-31F6-81CF-DB52BB226632}.Debug|x64.ActiveCfg = Debug|x64
		{FD8DA58B-85EF-31F6-81CF-DB52BB226632}.Debug|x64.Build.0 = Debug|x64
		{FD8DA58B-85EF-31F6-81CF-DB52BB226632}.Release|x64.ActiveCfg = Release|x64
		{FD8DA58B-85EF-31F6-81CF-DB52BB226632}.Release|x64.Build.0 = Release|x64
		{FD8DA58B-85EF-31F6-81CF-DB52BB226632}.MinSizeRel|x64.ActiveCfg = MinSizeRel|x64
		{FD8DA58B-85EF-31F6-81CF-DB52BB226632}.MinSizeRel|x64.Build.0 = MinSizeRel|x64
		{FD8DA58B-85EF-31F6-81CF-DB52BB226632}.RelWithDebInfo|x64.ActiveCfg = RelWithDebInfo|x64
		{FD8DA58B-85EF-31F6-81CF-DB52BB226632}.RelWithDebInfo|x64.Build.0 = RelWithDebInfo|x64
		{99AA3040-05B4-36D8-8D5A-9212C958D384}.Debug|x64.ActiveCfg = Debug|x64
		{99AA3040-05B4-36D8-8D5A-9212C958D384}.Debug|x64.Build.0 = Debug|x64
		{99AA3040-05B4-36D8-8D5A-9212C958D384}.Release|x64.ActiveCfg = Release|x64
		{99AA3040-05B4-36D8-8D5A-9212C958D384}.Release|x64.Build.0 = Release|x64
		{99AA3040-05B4-36D8-8D5A-9212C958D384}.MinSizeRel|x64.ActiveCfg = MinSizeRel|x64
		{99AA3040-05B4-36D8-8D5A-9212C958D384}.MinSizeRel|x64.Build.0 = MinSizeRel|x64
		{99AA3040-05B4-36D8-8D5A-9212C958D384}.RelWithDebInfo|x64.ActiveCfg = RelWithDebInfo|x64
		{99AA3040-05B4-36D8-8D5A-9212C958D384}.RelWithDebInfo|x64.Build.0 = RelWithDebInfo|x64
	EndGlobalSection
	GlobalSection(NestedProjects) = preSolution
		{C31337A6-699E-3979-8517-B85F75A51840} = {FE8E30F5-CE6B-3EC0-B1D3-5F99247FAB67}
		{34F5240D-FF8E-35D6-BEE9-4659CE86A37A} = {FE8E30F5-CE6B-3EC0-B1D3-5F99247FAB67}
		{0059DED6-F7A5-3BBE-8A74-56B2DBC0CAA4} = {FE8E30F5-CE6B-3EC0-B1D3-5F99247FAB67}
		{B67AEE1A-7190-300A-8B5E-516021CD6EAD} = {FE8E30F5-CE6B-3EC0-B1D3-5F99247FAB67}
	EndGlobalSection
	GlobalSection(ExtensibilityGlobals) = postSolution
		SolutionGuid = {B2483220-9C30-3222-9A89-AC8893ACD9ED}
	EndGlobalSection
	GlobalSection(ExtensibilityAddIns) = postSolution
	EndGlobalSection
EndGlobal
