
Microsoft Visual Studio Solution File, Format Version 12.00
# Visual Studio Version 17
VisualStudioVersion = 17.10.34707.107
MinimumVisualStudioVersion = 10.0.40219.1
Project("{8BC9CEB8-8B4A-11D0-8D11-00A0C91BC942}") = "test", "test\test.vcxproj", "{AABE03F2-8A35-4552-ADE0-AFD60819A432}"
EndProject
Global
	GlobalSection(SolutionConfigurationPlatforms) = preSolution
		Debug|x64 = Debug|x64
		Debug|x86 = Debug|x86
		Release|x64 = Release|x64
		Release|x86 = Release|x86
	EndGlobalSection
	GlobalSection(ProjectConfigurationPlatforms) = postSolution
		{AABE03F2-8A35-4552-ADE0-AFD60819A432}.Debug|x64.ActiveCfg = Debug|x64
		{AABE03F2-8A35-4552-ADE0-AFD60819A432}.Debug|x64.Build.0 = Debug|x64
		{AABE03F2-8A35-4552-ADE0-AFD60819A432}.Debug|x86.ActiveCfg = Debug|Win32
		{AABE03F2-8A35-4552-ADE0-AFD60819A432}.Debug|x86.Build.0 = Debug|Win32
		{AABE03F2-8A35-4552-ADE0-AFD60819A432}.Release|x64.ActiveCfg = Release|x64
		{AABE03F2-8A35-4552-ADE0-AFD60819A432}.Release|x64.Build.0 = Release|x64
		{AABE03F2-8A35-4552-ADE0-AFD60819A432}.Release|x86.ActiveCfg = Release|Win32
		{AABE03F2-8A35-4552-ADE0-AFD60819A432}.Release|x86.Build.0 = Release|Win32
	EndGlobalSection
	GlobalSection(SolutionProperties) = preSolution
		HideSolutionNode = FALSE
	EndGlobalSection
	GlobalSection(ExtensibilityGlobals) = postSolution
		SolutionGuid = {8B2DF3BE-1087-406A-9E1D-9F968AC12346}
	EndGlobalSection
EndGlobal
